
Microsoft Visual Studio Solution File, Format Version 12.00
# Visual Studio Version 16
VisualStudioVersion = 16.0.30907.101
MinimumVisualStudioVersion = 10.0.40219.1
Project("{9A19103F-16F7-4668-BE54-9A1E7A4F7556}") = "EmployeePortal.Api", "EmployeePortal.Api\EmployeePortal.Api.csproj", "{4C3C1257-5672-4FC9-A1EF-44F877248053}"
EndProject
Project("{FAE04EC0-301F-11D3-BF4B-00C04F79EFBC}") = "EmployeePortal.Api.Tests", "EmployeePortal.Api.Tests\EmployeePortal.Api.Tests.csproj", "{425FC0AE-8747-499B-B39B-1CFF09325FC1}"
EndProject
Global
	GlobalSection(SolutionConfigurationPlatforms) = preSolution
		Debug|Any CPU = Debug|Any CPU
		Release|Any CPU = Release|Any CPU
	EndGlobalSection
	GlobalSection(ProjectConfigurationPlatforms) = postSolution
		{4C3C1257-5672-4FC9-A1EF-44F877248053}.Debug|Any CPU.ActiveCfg = Debug|Any CPU
		{4C3C1257-5672-4FC9-A1EF-44F877248053}.Debug|Any CPU.Build.0 = Debug|Any CPU
		{4C3C1257-5672-4FC9-A1EF-44F877248053}.Release|Any CPU.ActiveCfg = Release|Any CPU
		{4C3C1257-5672-4FC9-A1EF-44F877248053}.Release|Any CPU.Build.0 = Release|Any CPU
		{425FC0AE-8747-499B-B39B-1CFF09325FC1}.Debug|Any CPU.ActiveCfg = Debug|Any CPU
		{425FC0AE-8747-499B-B39B-1CFF09325FC1}.Debug|Any CPU.Build.0 = Debug|Any CPU
		{425FC0AE-8747-499B-B39B-1CFF09325FC1}.Release|Any CPU.ActiveCfg = Release|Any CPU
		{425FC0AE-8747-499B-B39B-1CFF09325FC1}.Release|Any CPU.Build.0 = Release|Any CPU
	EndGlobalSection
	GlobalSection(SolutionProperties) = preSolution
		HideSolutionNode = FALSE
	EndGlobalSection
	GlobalSection(ExtensibilityGlobals) = postSolution
		SolutionGuid = {6AA2B44C-2AC5-440C-B484-1EB4A7CA11D2}
	EndGlobalSection
EndGlobal
